# This file is automatically @generated by Poetry and should not be changed by hand.

[[package]]
name = "black"
version = "22.12.0"
description = "The uncompromising code formatter."
category = "dev"
optional = false
python-versions = ">=3.7"
files = [
    {file = "black-22.12.0-cp310-cp310-manylinux_2_17_x86_64.manylinux2014_x86_64.whl", hash = "sha256:9eedd20838bd5d75b80c9f5487dbcb06836a43833a37846cf1d8c1cc01cef59d"},
    {file = "black-22.12.0-cp310-cp310-win_amd64.whl", hash = "sha256:159a46a4947f73387b4d83e87ea006dbb2337eab6c879620a3ba52699b1f4351"},
    {file = "black-22.12.0-cp311-cp311-manylinux_2_17_x86_64.manylinux2014_x86_64.whl", hash = "sha256:d30b212bffeb1e252b31dd269dfae69dd17e06d92b87ad26e23890f3efea366f"},
    {file = "black-22.12.0-cp311-cp311-win_amd64.whl", hash = "sha256:7412e75863aa5c5411886804678b7d083c7c28421210180d67dfd8cf1221e1f4"},
    {file = "black-22.12.0-cp37-cp37m-manylinux_2_17_x86_64.manylinux2014_x86_64.whl", hash = "sha256:c116eed0efb9ff870ded8b62fe9f28dd61ef6e9ddd28d83d7d264a38417dcee2"},
    {file = "black-22.12.0-cp37-cp37m-win_amd64.whl", hash = "sha256:1f58cbe16dfe8c12b7434e50ff889fa479072096d79f0a7f25e4ab8e94cd8350"},
    {file = "black-22.12.0-cp38-cp38-manylinux_2_17_x86_64.manylinux2014_x86_64.whl", hash = "sha256:77d86c9f3db9b1bf6761244bc0b3572a546f5fe37917a044e02f3166d5aafa7d"},
    {file = "black-22.12.0-cp38-cp38-win_amd64.whl", hash = "sha256:82d9fe8fee3401e02e79767016b4907820a7dc28d70d137eb397b92ef3cc5bfc"},
    {file = "black-22.12.0-cp39-cp39-manylinux_2_17_x86_64.manylinux2014_x86_64.whl", hash = "sha256:101c69b23df9b44247bd88e1d7e90154336ac4992502d4197bdac35dd7ee3320"},
    {file = "black-22.12.0-cp39-cp39-win_amd64.whl", hash = "sha256:559c7a1ba9a006226f09e4916060982fd27334ae1998e7a38b3f33a37f7a2148"},
    {file = "black-22.12.0-py3-none-any.whl", hash = "sha256:436cc9167dd28040ad90d3b404aec22cedf24a6e4d7de221bec2730ec0c97bcf"},
    {file = "black-22.12.0.tar.gz", hash = "sha256:229351e5a18ca30f447bf724d007f890f97e13af070bb6ad4c0a441cd7596a2f"},
]

[package.dependencies]
click = ">=8.0.0"
mypy-extensions = ">=0.4.3"
pathspec = ">=0.9.0"
platformdirs = ">=2"
tomli = {version = ">=1.1.0", markers = "python_full_version < \"3.11.0a7\""}
typing-extensions = {version = ">=3.10.0.0", markers = "python_version < \"3.10\""}

[package.extras]
colorama = ["colorama (>=0.4.3)"]
d = ["aiohttp (>=3.7.4)"]
jupyter = ["ipython (>=7.8.0)", "tokenize-rt (>=3.2.0)"]
uvloop = ["uvloop (>=0.15.2)"]

[[package]]
name = "certifi"
version = "2022.12.7"
description = "Python package for providing Mozilla's CA Bundle."
category = "main"
optional = false
python-versions = ">=3.6"
files = [
    {file = "certifi-2022.12.7-py3-none-any.whl", hash = "sha256:4ad3232f5e926d6718ec31cfc1fcadfde020920e278684144551c91769c7bc18"},
    {file = "certifi-2022.12.7.tar.gz", hash = "sha256:35824b4c3a97115964b408844d64aa14db1cc518f6562e8d7261699d1350a9e3"},
]

[[package]]
name = "charset-normalizer"
version = "2.1.1"
description = "The Real First Universal Charset Detector. Open, modern and actively maintained alternative to Chardet."
category = "main"
optional = false
python-versions = ">=3.6.0"
files = [
    {file = "charset-normalizer-2.1.1.tar.gz", hash = "sha256:5a3d016c7c547f69d6f81fb0db9449ce888b418b5b9952cc5e6e66843e9dd845"},
    {file = "charset_normalizer-2.1.1-py3-none-any.whl", hash = "sha256:83e9a75d1911279afd89352c68b45348559d1fc0506b054b346651b5e7fee29f"},
]

[package.extras]
unicode-backport = ["unicodedata2"]

[[package]]
name = "click"
version = "8.1.3"
description = "Composable command line interface toolkit"
category = "dev"
optional = false
python-versions = ">=3.7"
files = [
    {file = "click-8.1.3-py3-none-any.whl", hash = "sha256:bb4d8133cb15a609f44e8213d9b391b0809795062913b383c62be0ee95b1db48"},
    {file = "click-8.1.3.tar.gz", hash = "sha256:7682dc8afb30297001674575ea00d1814d808d6a36af415a82bd481d37ba7b8e"},
]

[package.dependencies]
colorama = {version = "*", markers = "platform_system == \"Windows\""}

[[package]]
name = "colorama"
version = "0.4.6"
description = "Cross-platform colored terminal text."
category = "dev"
optional = false
python-versions = "!=3.0.*,!=3.1.*,!=3.2.*,!=3.3.*,!=3.4.*,!=3.5.*,!=3.6.*,>=2.7"
files = [
    {file = "colorama-0.4.6-py2.py3-none-any.whl", hash = "sha256:4f1d9991f5acc0ca119f9d443620b77f9d6b33703e51011c16baf57afb285fc6"},
    {file = "colorama-0.4.6.tar.gz", hash = "sha256:08695f5cb7ed6e0531a20572697297273c47b8cae5a63ffc6d6ed5c201be6e44"},
]

[[package]]
name = "flake8"
version = "4.0.1"
description = "the modular source code checker: pep8 pyflakes and co"
category = "dev"
optional = false
python-versions = ">=3.6"
files = [
    {file = "flake8-4.0.1-py2.py3-none-any.whl", hash = "sha256:479b1304f72536a55948cb40a32dce8bb0ffe3501e26eaf292c7e60eb5e0428d"},
    {file = "flake8-4.0.1.tar.gz", hash = "sha256:806e034dda44114815e23c16ef92f95c91e4c71100ff52813adf7132a6ad870d"},
]

[package.dependencies]
mccabe = ">=0.6.0,<0.7.0"
pycodestyle = ">=2.8.0,<2.9.0"
pyflakes = ">=2.4.0,<2.5.0"

[[package]]
name = "idna"
version = "3.4"
description = "Internationalized Domain Names in Applications (IDNA)"
category = "main"
optional = false
python-versions = ">=3.5"
files = [
    {file = "idna-3.4-py3-none-any.whl", hash = "sha256:90b77e79eaa3eba6de819a0c442c0b4ceefc341a7a2ab77d7562bf49f425c5c2"},
    {file = "idna-3.4.tar.gz", hash = "sha256:814f528e8dead7d329833b91c5faa87d60bf71824cd12a7530b5526063d02cb4"},
]

[[package]]
name = "isort"
version = "5.11.2"
description = "A Python utility / library to sort Python imports."
category = "dev"
optional = false
python-versions = ">=3.7.0"
files = [
    {file = "isort-5.11.2-py3-none-any.whl", hash = "sha256:e486966fba83f25b8045f8dd7455b0a0d1e4de481e1d7ce4669902d9fb85e622"},
    {file = "isort-5.11.2.tar.gz", hash = "sha256:dd8bbc5c0990f2a095d754e50360915f73b4c26fc82733eb5bfc6b48396af4d2"},
]

[package.extras]
colors = ["colorama (>=0.4.3,<0.5.0)"]
pipfile-deprecated-finder = ["pipreqs", "requirementslib"]
plugins = ["setuptools"]
requirements-deprecated-finder = ["pip-api", "pipreqs"]

[[package]]
name = "mccabe"
version = "0.6.1"
description = "McCabe checker, plugin for flake8"
category = "dev"
optional = false
python-versions = "*"
files = [
    {file = "mccabe-0.6.1-py2.py3-none-any.whl", hash = "sha256:ab8a6258860da4b6677da4bd2fe5dc2c659cff31b3ee4f7f5d64e79735b80d42"},
    {file = "mccabe-0.6.1.tar.gz", hash = "sha256:dd8d182285a0fe56bace7f45b5e7d1a6ebcbf524e8f3bd87eb0f125271b8831f"},
]

[[package]]
name = "mypy-extensions"
version = "0.4.3"
description = "Experimental type system extensions for programs checked with the mypy typechecker."
category = "dev"
optional = false
python-versions = "*"
files = [
    {file = "mypy_extensions-0.4.3-py2.py3-none-any.whl", hash = "sha256:090fedd75945a69ae91ce1303b5824f428daf5a028d2f6ab8a299250a846f15d"},
    {file = "mypy_extensions-0.4.3.tar.gz", hash = "sha256:2d82818f5bb3e369420cb3c4060a7970edba416647068eb4c5343488a6c604a8"},
]

[[package]]
name = "mysql-connector-python"
version = "8.0.31"
description = "MySQL driver written in Python"
category = "main"
optional = false
python-versions = "*"
files = [
    {file = "mysql-connector-python-8.0.31.tar.gz", hash = "sha256:0fbe8f5441ad781b4f65c54a10ac77c6a329591456607e042786528599519636"},
    {file = "mysql_connector_python-8.0.31-cp310-cp310-macosx_11_0_arm64.whl", hash = "sha256:3e271d8de00d5e9f9bd4b212c8e23d2986dead0f20379010f3b274a3e24cbfcb"},
    {file = "mysql_connector_python-8.0.31-cp310-cp310-macosx_11_0_x86_64.whl", hash = "sha256:f3ee04a601f9cb90ace9618bbe2fa8e5bb59be3eb0c2bd8a5405fe69e05e446b"},
    {file = "mysql_connector_python-8.0.31-cp310-cp310-manylinux1_i686.whl", hash = "sha256:f89b7a731885b8a04248e4d8d124705ca836f0ddd3b7cf0c789e21f4b32810ed"},
    {file = "mysql_connector_python-8.0.31-cp310-cp310-manylinux1_x86_64.whl", hash = "sha256:48eb34f4e69a2fba56f310de6682862a15d46cd2bd51ee6eebc3a244e4ee0aa6"},
    {file = "mysql_connector_python-8.0.31-cp310-cp310-win_amd64.whl", hash = "sha256:a570a72e0015b36b9c0775ae27c1d4946225f02f62129d16a14e9d77a38c0717"},
    {file = "mysql_connector_python-8.0.31-cp311-cp311-macosx_11_0_arm64.whl", hash = "sha256:a7ac859a52486ac319e37f61469bbb9023faef38018223efa74e953f1fe23d36"},
    {file = "mysql_connector_python-8.0.31-cp311-cp311-macosx_11_0_x86_64.whl", hash = "sha256:79d6a6e8ce955df5ca0786cb8ed8fbd999745c9b50def89993a2a0f4732de721"},
    {file = "mysql_connector_python-8.0.31-cp311-cp311-manylinux1_i686.whl", hash = "sha256:e60426af313dcd526028d018d70757a82c5cc0673776b2a614e2180b5970feed"},
    {file = "mysql_connector_python-8.0.31-cp311-cp311-manylinux1_x86_64.whl", hash = "sha256:d0ca1ba3e5fb2f2cddcf271c320cd5c368f8d392c034ddab7a1c8dfd19510351"},
    {file = "mysql_connector_python-8.0.31-cp311-cp311-win_amd64.whl", hash = "sha256:a1d8c1509c740649f352400d50360185e5473371507bb6498ceda0c6e877920c"},
    {file = "mysql_connector_python-8.0.31-cp37-cp37m-macosx_11_0_x86_64.whl", hash = "sha256:447847396d1b51edd9cfe05a8c5ba82836d8ea4866f25f36a836cab322fdc4f0"},
    {file = "mysql_connector_python-8.0.31-cp37-cp37m-manylinux1_i686.whl", hash = "sha256:5e01a2f50378c13407a32e40dd4d225cfee5996d9d11968f76720ec28aa45421"},
    {file = "mysql_connector_python-8.0.31-cp37-cp37m-manylinux1_x86_64.whl", hash = "sha256:ac85883ec3b3a9a0e36cacc89b8f5e666206842c432a5f69b09a7687ddf51d4a"},
    {file = "mysql_connector_python-8.0.31-cp37-cp37m-win_amd64.whl", hash = "sha256:28cb3667be64ebfbd3d477bbd2c71e50d48bd5ed7ba2072dd460ae886d27e88e"},
    {file = "mysql_connector_python-8.0.31-cp38-cp38-macosx_11_0_arm64.whl", hash = "sha256:30f4542d4d20357c79604e6bf1a801e71dfc45c759c22b502ca5aa8122c3e859"},
    {file = "mysql_connector_python-8.0.31-cp38-cp38-macosx_11_0_x86_64.whl", hash = "sha256:e9e5ad544adfc82ffbda2c74685c8c953bce2e212c56f117020079f05e2c68b2"},
    {file = "mysql_connector_python-8.0.31-cp38-cp38-manylinux1_i686.whl", hash = "sha256:744c976569e81eecce5e8c7e8f80df2a1c3f64414829addc69c64aef8f56d091"},
    {file = "mysql_connector_python-8.0.31-cp38-cp38-manylinux1_x86_64.whl", hash = "sha256:17d6ea22dacca7fa78a73a81f2b186d4c5c6e70b7be314e352526654e9ba4713"},
    {file = "mysql_connector_python-8.0.31-cp38-cp38-win_amd64.whl", hash = "sha256:ae1b3d03802474a161cce8a97024484d18bef43b86d20114908cbc263817cade"},
    {file = "mysql_connector_python-8.0.31-cp39-cp39-macosx_11_0_arm64.whl", hash = "sha256:746df133c677fbe4687da33aad5a711abdd9bd2277bbc350e20f903f07c81ef5"},
    {file = "mysql_connector_python-8.0.31-cp39-cp39-macosx_11_0_x86_64.whl", hash = "sha256:4d75e6c3a7f18004e8279cbd9f5edc70089d6aaf3cb64374e21098d9bf0b93c4"},
    {file = "mysql_connector_python-8.0.31-cp39-cp39-manylinux1_i686.whl", hash = "sha256:8ad0d08f3f7c9e48d6d102c7de718e5e44f630f916ff2f4b4ff8a3756b5d10ac"},
    {file = "mysql_connector_python-8.0.31-cp39-cp39-manylinux1_x86_64.whl", hash = "sha256:02526f16eacc3961ff681c5c8455d2306a9b45124f2f012ca75a1eac9ceb5165"},
    {file = "mysql_connector_python-8.0.31-cp39-cp39-win_amd64.whl", hash = "sha256:b2bbf443f6346e46c26a3e91dd96a428a1038f2d3c5e466541078479c64a1833"},
    {file = "mysql_connector_python-8.0.31-py2.py3-none-any.whl", hash = "sha256:9be9c4dcae987a2a3f07b2ad984984c24f90887dbfab3c8a971e631ad4ca5ccf"},
]

[package.dependencies]
protobuf = ">=3.11.0,<=3.20.1"

[package.extras]
compression = ["lz4 (>=2.1.6,<=3.1.3)", "zstandard (>=0.12.0,<=0.15.2)"]
dns-srv = ["dnspython (>=1.16.0,<=2.1.0)"]
gssapi = ["gssapi (>=1.6.9,<=1.8.1)"]

[[package]]
name = "pathspec"
version = "0.10.3"
description = "Utility library for gitignore style pattern matching of file paths."
category = "dev"
optional = false
python-versions = ">=3.7"
files = [
    {file = "pathspec-0.10.3-py3-none-any.whl", hash = "sha256:3c95343af8b756205e2aba76e843ba9520a24dd84f68c22b9f93251507509dd6"},
    {file = "pathspec-0.10.3.tar.gz", hash = "sha256:56200de4077d9d0791465aa9095a01d421861e405b5096955051deefd697d6f6"},
]

[[package]]
name = "platformdirs"
version = "2.6.0"
description = "A small Python package for determining appropriate platform-specific dirs, e.g. a \"user data dir\"."
category = "dev"
optional = false
python-versions = ">=3.7"
files = [
    {file = "platformdirs-2.6.0-py3-none-any.whl", hash = "sha256:1a89a12377800c81983db6be069ec068eee989748799b946cce2a6e80dcc54ca"},
    {file = "platformdirs-2.6.0.tar.gz", hash = "sha256:b46ffafa316e6b83b47489d240ce17173f123a9b9c83282141c3daf26ad9ac2e"},
]

[package.extras]
docs = ["furo (>=2022.9.29)", "proselint (>=0.13)", "sphinx (>=5.3)", "sphinx-autodoc-typehints (>=1.19.4)"]
test = ["appdirs (==1.4.4)", "pytest (>=7.2)", "pytest-cov (>=4)", "pytest-mock (>=3.10)"]

[[package]]
name = "protobuf"
version = "3.20.1"
description = "Protocol Buffers"
category = "main"
optional = false
python-versions = ">=3.7"
files = [
    {file = "protobuf-3.20.1-cp310-cp310-macosx_10_9_universal2.whl", hash = "sha256:3cc797c9d15d7689ed507b165cd05913acb992d78b379f6014e013f9ecb20996"},
    {file = "protobuf-3.20.1-cp310-cp310-manylinux2014_aarch64.whl", hash = "sha256:ff8d8fa42675249bb456f5db06c00de6c2f4c27a065955917b28c4f15978b9c3"},
    {file = "protobuf-3.20.1-cp310-cp310-manylinux_2_12_x86_64.manylinux2010_x86_64.whl", hash = "sha256:cd68be2559e2a3b84f517fb029ee611546f7812b1fdd0aa2ecc9bc6ec0e4fdde"},
    {file = "protobuf-3.20.1-cp310-cp310-win32.whl", hash = "sha256:9016d01c91e8e625141d24ec1b20fed584703e527d28512aa8c8707f105a683c"},
    {file = "protobuf-3.20.1-cp310-cp310-win_amd64.whl", hash = "sha256:32ca378605b41fd180dfe4e14d3226386d8d1b002ab31c969c366549e66a2bb7"},
    {file = "protobuf-3.20.1-cp36-cp36m-macosx_10_9_x86_64.whl", hash = "sha256:9be73ad47579abc26c12024239d3540e6b765182a91dbc88e23658ab71767153"},
    {file = "protobuf-3.20.1-cp36-cp36m-manylinux_2_5_x86_64.manylinux1_x86_64.whl", hash = "sha256:097c5d8a9808302fb0da7e20edf0b8d4703274d140fd25c5edabddcde43e081f"},
    {file = "protobuf-3.20.1-cp37-cp37m-macosx_10_9_x86_64.whl", hash = "sha256:e250a42f15bf9d5b09fe1b293bdba2801cd520a9f5ea2d7fb7536d4441811d20"},
    {file = "protobuf-3.20.1-cp37-cp37m-manylinux2014_aarch64.whl", hash = "sha256:cdee09140e1cd184ba9324ec1df410e7147242b94b5f8b0c64fc89e38a8ba531"},
    {file = "protobuf-3.20.1-cp37-cp37m-manylinux_2_5_x86_64.manylinux1_x86_64.whl", hash = "sha256:af0ebadc74e281a517141daad9d0f2c5d93ab78e9d455113719a45a49da9db4e"},
    {file = "protobuf-3.20.1-cp37-cp37m-win32.whl", hash = "sha256:755f3aee41354ae395e104d62119cb223339a8f3276a0cd009ffabfcdd46bb0c"},
    {file = "protobuf-3.20.1-cp37-cp37m-win_amd64.whl", hash = "sha256:62f1b5c4cd6c5402b4e2d63804ba49a327e0c386c99b1675c8a0fefda23b2067"},
    {file = "protobuf-3.20.1-cp38-cp38-macosx_10_9_x86_64.whl", hash = "sha256:06059eb6953ff01e56a25cd02cca1a9649a75a7e65397b5b9b4e929ed71d10cf"},
    {file = "protobuf-3.20.1-cp38-cp38-manylinux2014_aarch64.whl", hash = "sha256:cb29edb9eab15742d791e1025dd7b6a8f6fcb53802ad2f6e3adcb102051063ab"},
    {file = "protobuf-3.20.1-cp38-cp38-manylinux_2_5_x86_64.manylinux1_x86_64.whl", hash = "sha256:69ccfdf3657ba59569c64295b7d51325f91af586f8d5793b734260dfe2e94e2c"},
    {file = "protobuf-3.20.1-cp38-cp38-win32.whl", hash = "sha256:dd5789b2948ca702c17027c84c2accb552fc30f4622a98ab5c51fcfe8c50d3e7"},
    {file = "protobuf-3.20.1-cp38-cp38-win_amd64.whl", hash = "sha256:77053d28427a29987ca9caf7b72ccafee011257561259faba8dd308fda9a8739"},
    {file = "protobuf-3.20.1-cp39-cp39-macosx_10_9_x86_64.whl", hash = "sha256:6f50601512a3d23625d8a85b1638d914a0970f17920ff39cec63aaef80a93fb7"},
    {file = "protobuf-3.20.1-cp39-cp39-manylinux2014_aarch64.whl", hash = "sha256:284f86a6207c897542d7e956eb243a36bb8f9564c1742b253462386e96c6b78f"},
    {file = "protobuf-3.20.1-cp39-cp39-manylinux_2_5_x86_64.manylinux1_x86_64.whl", hash = "sha256:7403941f6d0992d40161aa8bb23e12575637008a5a02283a930addc0508982f9"},
    {file = "protobuf-3.20.1-cp39-cp39-win32.whl", hash = "sha256:db977c4ca738dd9ce508557d4fce0f5aebd105e158c725beec86feb1f6bc20d8"},
    {file = "protobuf-3.20.1-cp39-cp39-win_amd64.whl", hash = "sha256:7e371f10abe57cee5021797126c93479f59fccc9693dafd6bd5633ab67808a91"},
    {file = "protobuf-3.20.1-py2.py3-none-any.whl", hash = "sha256:adfc6cf69c7f8c50fd24c793964eef18f0ac321315439d94945820612849c388"},
    {file = "protobuf-3.20.1.tar.gz", hash = "sha256:adc31566d027f45efe3f44eeb5b1f329da43891634d61c75a5944e9be6dd42c9"},
]

[[package]]
name = "pycodestyle"
version = "2.8.0"
description = "Python style guide checker"
category = "dev"
optional = false
python-versions = ">=2.7, !=3.0.*, !=3.1.*, !=3.2.*, !=3.3.*, !=3.4.*"
files = [
    {file = "pycodestyle-2.8.0-py2.py3-none-any.whl", hash = "sha256:720f8b39dde8b293825e7ff02c475f3077124006db4f440dcbc9a20b76548a20"},
    {file = "pycodestyle-2.8.0.tar.gz", hash = "sha256:eddd5847ef438ea1c7870ca7eb78a9d47ce0cdb4851a5523949f2601d0cbbe7f"},
]

[[package]]
name = "pyflakes"
version = "2.4.0"
description = "passive checker of Python programs"
category = "dev"
optional = false
python-versions = ">=2.7, !=3.0.*, !=3.1.*, !=3.2.*, !=3.3.*"
files = [
    {file = "pyflakes-2.4.0-py2.py3-none-any.whl", hash = "sha256:3bb3a3f256f4b7968c9c788781e4ff07dce46bdf12339dcda61053375426ee2e"},
    {file = "pyflakes-2.4.0.tar.gz", hash = "sha256:05a85c2872edf37a4ed30b0cce2f6093e1d0581f8c19d7393122da7e25b2b24c"},
]

[[package]]
name = "requests"
version = "2.28.1"
description = "Python HTTP for Humans."
category = "main"
optional = false
python-versions = ">=3.7, <4"
files = [
    {file = "requests-2.28.1-py3-none-any.whl", hash = "sha256:8fefa2a1a1365bf5520aac41836fbee479da67864514bdb821f31ce07ce65349"},
    {file = "requests-2.28.1.tar.gz", hash = "sha256:7c5599b102feddaa661c826c56ab4fee28bfd17f5abca1ebbe3e7f19d7c97983"},
]

[package.dependencies]
certifi = ">=2017.4.17"
charset-normalizer = ">=2,<3"
idna = ">=2.5,<4"
urllib3 = ">=1.21.1,<1.27"

[package.extras]
socks = ["PySocks (>=1.5.6,!=1.5.7)"]
use-chardet-on-py3 = ["chardet (>=3.0.2,<6)"]

[[package]]
name = "tomli"
version = "2.0.1"
description = "A lil' TOML parser"
category = "dev"
optional = false
python-versions = ">=3.7"
files = [
    {file = "tomli-2.0.1-py3-none-any.whl", hash = "sha256:939de3e7a6161af0c887ef91b7d41a53e7c5a1ca976325f429cb46ea9bc30ecc"},
    {file = "tomli-2.0.1.tar.gz", hash = "sha256:de526c12914f0c550d15924c62d72abc48d6fe7364aa87328337a31007fe8a4f"},
]

[[package]]
name = "typing-extensions"
version = "4.4.0"
description = "Backported and Experimental Type Hints for Python 3.7+"
category = "dev"
optional = false
python-versions = ">=3.7"
files = [
    {file = "typing_extensions-4.4.0-py3-none-any.whl", hash = "sha256:16fa4864408f655d35ec496218b85f79b3437c829e93320c7c9215ccfd92489e"},
    {file = "typing_extensions-4.4.0.tar.gz", hash = "sha256:1511434bb92bf8dd198c12b1cc812e800d4181cfcb867674e0f8279cc93087aa"},
]

[[package]]
name = "urllib3"
version = "1.26.13"
description = "HTTP library with thread-safe connection pooling, file post, and more."
category = "main"
optional = false
python-versions = ">=2.7, !=3.0.*, !=3.1.*, !=3.2.*, !=3.3.*, !=3.4.*, !=3.5.*"
files = [
    {file = "urllib3-1.26.13-py2.py3-none-any.whl", hash = "sha256:47cc05d99aaa09c9e72ed5809b60e7ba354e64b59c9c173ac3018642d8bb41fc"},
    {file = "urllib3-1.26.13.tar.gz", hash = "sha256:c083dd0dce68dbfbe1129d5271cb90f9447dea7d52097c6e0126120c521ddea8"},
]

[package.extras]
brotli = ["brotli (>=1.0.9)", "brotlicffi (>=0.8.0)", "brotlipy (>=0.6.0)"]
secure = ["certifi", "cryptography (>=1.3.4)", "idna (>=2.0.0)", "ipaddress", "pyOpenSSL (>=0.14)", "urllib3-secure-extra"]
socks = ["PySocks (>=1.5.6,!=1.5.7,<2.0)"]

[metadata]
lock-version = "2.0"
python-versions = ">=3.9,<3.11"
content-hash = "92b060af6f2be500b7f4e3b06b38eccf3de5ff853c19a303f5f491b516d3f5fa"
